{
  "name": "maze-escape",
  "version": "1.0.0",
  "lockfileVersion": 1,
  "requires": true,
  "packages": {
    "": {
      "name": "maze-escape",
      "version": "1.0.0",
      "license": "Apache-2.0",
      "dependencies": {
        "ansi-escapes": "^4.2.1"
      }
    },
    "node_modules/ansi-escapes": {
      "version": "4.2.1",
      "resolved": "https://registry.npmjs.org/ansi-escapes/-/ansi-escapes-4.2.1.tgz",
      "integrity": "sha512-Cg3ymMAdN10wOk/VYfLV7KCQyv7EDirJ64500sU7n9UlmioEtDuU5Gd+hj73hXSU/ex7tHJSssmyftDdkMLO8Q==",
      "dependencies": {
        "type-fest": "^0.5.2"
      },
      "engines": {
        "node": ">=8"
      }
    },
    "node_modules/type-fest": {
      "version": "0.5.2",
      "resolved": "https://registry.npmjs.org/type-fest/-/type-fest-0.5.2.tgz",
      "integrity": "sha512-DWkS49EQKVX//Tbupb9TFa19c7+MK1XmzkrZUR8TAktmE/DizXoaoJV6TZ/tSIPXipqNiRI6CyAe7x69Jb6RSw==",
      "engines": {
        "node": ">=6"
      }
    }
  },
  "dependencies": {
    "ansi-escapes": {
      "version": "4.2.1",
      "resolved": "https://registry.npmjs.org/ansi-escapes/-/ansi-escapes-4.2.1.tgz",
      "integrity": "sha512-Cg3ymMAdN10wOk/VYfLV7KCQyv7EDirJ64500sU7n9UlmioEtDuU5Gd+hj73hXSU/ex7tHJSssmyftDdkMLO8Q==",
      "requires": {
        "type-fest": "^0.5.2"
      }
    },
    "type-fest": {
      "version": "0.5.2",
      "resolved": "https://registry.npmjs.org/type-fest/-/type-fest-0.5.2.tgz",
      "integrity": "sha512-DWkS49EQKVX//Tbupb9TFa19c7+MK1XmzkrZUR8TAktmE/DizXoaoJV6TZ/tSIPXipqNiRI6CyAe7x69Jb6RSw=="
    }
  }
}
